
Microsoft Visual Studio Solution File, Format Version 12.00
# Visual Studio Version 17
VisualStudioVersion = 17.11.35303.130
MinimumVisualStudioVersion = 10.0.40219.1
Project("{FAE04EC0-301F-11D3-BF4B-00C04F79EFBC}") = "maximum", "maximum.csproj", "{439D8F5D-0141-41DF-9A29-2CC592CA2521}"
EndProject
Global
	GlobalSection(SolutionConfigurationPlatforms) = preSolution
		Debug|Any CPU = Debug|Any CPU
		Release|Any CPU = Release|Any CPU
	EndGlobalSection
	GlobalSection(ProjectConfigurationPlatforms) = postSolution
		{439D8F5D-0141-41DF-9A29-2CC592CA2521}.Debug|Any CPU.ActiveCfg = Debug|Any CPU
		{439D8F5D-0141-41DF-9A29-2CC592CA2521}.Debug|Any CPU.Build.0 = Debug|Any CPU
		{439D8F5D-0141-41DF-9A29-2CC592CA2521}.Release|Any CPU.ActiveCfg = Release|Any CPU
		{439D8F5D-0141-41DF-9A29-2CC592CA2521}.Release|Any CPU.Build.0 = Release|Any CPU
	EndGlobalSection
	GlobalSection(SolutionProperties) = preSolution
		HideSolutionNode = FALSE
	EndGlobalSection
	GlobalSection(ExtensibilityGlobals) = postSolution
		SolutionGuid = {5FBCE08B-0775-43FC-8A08-B9BCBD58F421}
	EndGlobalSection
EndGlobal
